
Microsoft Visual Studio Solution File, Format Version 12.00
# Visual Studio 15
Project("{FAE04EC0-301F-11D3-BF4B-00C04F79EFBC}") = "Tripo3D.UnityBridge.Editor", "Tripo3D.UnityBridge.Editor.csproj", "{AA27D4BD-257A-A44C-0019-CFB102FD284A}"
EndProject
Project("{FAE04EC0-301F-11D3-BF4B-00C04F79EFBC}") = "Assembly-CSharp", "Assembly-CSharp.csproj", "{FE98C4F7-4B8B-9617-61D3-56C83DD0074E}"
EndProject
Project("{FAE04EC0-301F-11D3-BF4B-00C04F79EFBC}") = "Unity.XR.Interaction.Toolkit.Samples.StarterAssets", "Unity.XR.Interaction.Toolkit.Samples.StarterAssets.csproj", "{40C59033-3C5A-0596-6117-E7AB1730E3E6}"
EndProject
Project("{FAE04EC0-301F-11D3-BF4B-00C04F79EFBC}") = "Unity.XR.Interaction.Toolkit.Samples.StarterAssets.Editor", "Unity.XR.Interaction.Toolkit.Samples.StarterAssets.Editor.csproj", "{61C1EDCF-3517-B14A-2359-085E730B011F}"
EndProject
Project("{FAE04EC0-301F-11D3-BF4B-00C04F79EFBC}") = "Assembly-CSharp-Editor", "Assembly-CSharp-Editor.csproj", "{DA22DB01-4714-D990-ED6C-7A0EBDB4C3FA}"
EndProject
Global
	GlobalSection(SolutionConfigurationPlatforms) = preSolution
		Debug|Any CPU = Debug|Any CPU
		Release|Any CPU = Release|Any CPU
	EndGlobalSection
	GlobalSection(ProjectConfigurationPlatforms) = postSolution
		{AA27D4BD-257A-A44C-0019-CFB102FD284A}.Debug|Any CPU.ActiveCfg = Debug|Any CPU
		{AA27D4BD-257A-A44C-0019-CFB102FD284A}.Debug|Any CPU.Build.0 = Debug|Any CPU
		{AA27D4BD-257A-A44C-0019-CFB102FD284A}.Release|Any CPU.ActiveCfg = Release|Any CPU
		{AA27D4BD-257A-A44C-0019-CFB102FD284A}.Release|Any CPU.Build.0 = Release|Any CPU
		{FE98C4F7-4B8B-9617-61D3-56C83DD0074E}.Debug|Any CPU.ActiveCfg = Debug|Any CPU
		{FE98C4F7-4B8B-9617-61D3-56C83DD0074E}.Debug|Any CPU.Build.0 = Debug|Any CPU
		{FE98C4F7-4B8B-9617-61D3-56C83DD0074E}.Release|Any CPU.ActiveCfg = Release|Any CPU
		{FE98C4F7-4B8B-9617-61D3-56C83DD0074E}.Release|Any CPU.Build.0 = Release|Any CPU
		{40C59033-3C5A-0596-6117-E7AB1730E3E6}.Debug|Any CPU.ActiveCfg = Debug|Any CPU
		{40C59033-3C5A-0596-6117-E7AB1730E3E6}.Debug|Any CPU.Build.0 = Debug|Any CPU
		{40C59033-3C5A-0596-6117-E7AB1730E3E6}.Release|Any CPU.ActiveCfg = Release|Any CPU
		{40C59033-3C5A-0596-6117-E7AB1730E3E6}.Release|Any CPU.Build.0 = Release|Any CPU
		{61C1EDCF-3517-B14A-2359-085E730B011F}.Debug|Any CPU.ActiveCfg = Debug|Any CPU
		{61C1EDCF-3517-B14A-2359-085E730B011F}.Debug|Any CPU.Build.0 = Debug|Any CPU
		{61C1EDCF-3517-B14A-2359-085E730B011F}.Release|Any CPU.ActiveCfg = Release|Any CPU
		{61C1EDCF-3517-B14A-2359-085E730B011F}.Release|Any CPU.Build.0 = Release|Any CPU
		{DA22DB01-4714-D990-ED6C-7A0EBDB4C3FA}.Debug|Any CPU.ActiveCfg = Debug|Any CPU
		{DA22DB01-4714-D990-ED6C-7A0EBDB4C3FA}.Debug|Any CPU.Build.0 = Debug|Any CPU
		{DA22DB01-4714-D990-ED6C-7A0EBDB4C3FA}.Release|Any CPU.ActiveCfg = Release|Any CPU
		{DA22DB01-4714-D990-ED6C-7A0EBDB4C3FA}.Release|Any CPU.Build.0 = Release|Any CPU
	EndGlobalSection
	GlobalSection(SolutionProperties) = preSolution
		HideSolutionNode = FALSE
	EndGlobalSection
EndGlobal
