
Microsoft Visual Studio Solution File, Format Version 12.00
# Visual Studio 15
Project("{FAE04EC0-301F-11D3-BF4B-00C04F79EFBC}") = "Assembly-CSharp", "Assembly-CSharp.csproj", "{180F446B-11E4-6C18-ADAF-6564AEAB816A}"
EndProject
Project("{FAE04EC0-301F-11D3-BF4B-00C04F79EFBC}") = "Unity.XR.Interaction.Toolkit.Samples.StarterAssets", "Unity.XR.Interaction.Toolkit.Samples.StarterAssets.csproj", "{FF2C407F-F209-C32C-4372-CBFD8AA95D5D}"
EndProject
Project("{FAE04EC0-301F-11D3-BF4B-00C04F79EFBC}") = "Unity.XR.Interaction.Toolkit.Samples.StarterAssets.Editor", "Unity.XR.Interaction.Toolkit.Samples.StarterAssets.Editor.csproj", "{233256FF-293D-494F-77FA-4A5FCDC6C32E}"
EndProject
Project("{FAE04EC0-301F-11D3-BF4B-00C04F79EFBC}") = "Assembly-CSharp-Editor", "Assembly-CSharp-Editor.csproj", "{3988CE73-D15A-CB21-E213-140F6C54A8AB}"
EndProject
Global
	GlobalSection(SolutionConfigurationPlatforms) = preSolution
		Debug|Any CPU = Debug|Any CPU
		Release|Any CPU = Release|Any CPU
	EndGlobalSection
	GlobalSection(ProjectConfigurationPlatforms) = postSolution
		{180F446B-11E4-6C18-ADAF-6564AEAB816A}.Debug|Any CPU.ActiveCfg = Debug|Any CPU
		{180F446B-11E4-6C18-ADAF-6564AEAB816A}.Debug|Any CPU.Build.0 = Debug|Any CPU
		{180F446B-11E4-6C18-ADAF-6564AEAB816A}.Release|Any CPU.ActiveCfg = Release|Any CPU
		{180F446B-11E4-6C18-ADAF-6564AEAB816A}.Release|Any CPU.Build.0 = Release|Any CPU
		{FF2C407F-F209-C32C-4372-CBFD8AA95D5D}.Debug|Any CPU.ActiveCfg = Debug|Any CPU
		{FF2C407F-F209-C32C-4372-CBFD8AA95D5D}.Debug|Any CPU.Build.0 = Debug|Any CPU
		{FF2C407F-F209-C32C-4372-CBFD8AA95D5D}.Release|Any CPU.ActiveCfg = Release|Any CPU
		{FF2C407F-F209-C32C-4372-CBFD8AA95D5D}.Release|Any CPU.Build.0 = Release|Any CPU
		{233256FF-293D-494F-77FA-4A5FCDC6C32E}.Debug|Any CPU.ActiveCfg = Debug|Any CPU
		{233256FF-293D-494F-77FA-4A5FCDC6C32E}.Debug|Any CPU.Build.0 = Debug|Any CPU
		{233256FF-293D-494F-77FA-4A5FCDC6C32E}.Release|Any CPU.ActiveCfg = Release|Any CPU
		{233256FF-293D-494F-77FA-4A5FCDC6C32E}.Release|Any CPU.Build.0 = Release|Any CPU
		{3988CE73-D15A-CB21-E213-140F6C54A8AB}.Debug|Any CPU.ActiveCfg = Debug|Any CPU
		{3988CE73-D15A-CB21-E213-140F6C54A8AB}.Debug|Any CPU.Build.0 = Debug|Any CPU
		{3988CE73-D15A-CB21-E213-140F6C54A8AB}.Release|Any CPU.ActiveCfg = Release|Any CPU
		{3988CE73-D15A-CB21-E213-140F6C54A8AB}.Release|Any CPU.Build.0 = Release|Any CPU
	EndGlobalSection
	GlobalSection(SolutionProperties) = preSolution
		HideSolutionNode = FALSE
	EndGlobalSection
EndGlobal
