
Microsoft Visual Studio Solution File, Format Version 12.00
# Visual Studio 15
Project("{FAE04EC0-301F-11D3-BF4B-00C04F79EFBC}") = "Tripo3D.UnityBridge.Editor", "Tripo3D.UnityBridge.Editor.csproj", "{35821A37-4E19-702D-6E5E-A70FC50A7EB6}"
EndProject
Project("{FAE04EC0-301F-11D3-BF4B-00C04F79EFBC}") = "Assembly-CSharp", "Assembly-CSharp.csproj", "{ADBE3205-DC05-F71F-64C9-8433EE12FA16}"
EndProject
Project("{FAE04EC0-301F-11D3-BF4B-00C04F79EFBC}") = "Assembly-CSharp-Editor", "Assembly-CSharp-Editor.csproj", "{793CE5CA-13B8-CE42-A534-99BF0D9AE823}"
EndProject
Global
	GlobalSection(SolutionConfigurationPlatforms) = preSolution
		Debug|Any CPU = Debug|Any CPU
		Release|Any CPU = Release|Any CPU
	EndGlobalSection
	GlobalSection(ProjectConfigurationPlatforms) = postSolution
		{35821A37-4E19-702D-6E5E-A70FC50A7EB6}.Debug|Any CPU.ActiveCfg = Debug|Any CPU
		{35821A37-4E19-702D-6E5E-A70FC50A7EB6}.Debug|Any CPU.Build.0 = Debug|Any CPU
		{35821A37-4E19-702D-6E5E-A70FC50A7EB6}.Release|Any CPU.ActiveCfg = Release|Any CPU
		{35821A37-4E19-702D-6E5E-A70FC50A7EB6}.Release|Any CPU.Build.0 = Release|Any CPU
		{ADBE3205-DC05-F71F-64C9-8433EE12FA16}.Debug|Any CPU.ActiveCfg = Debug|Any CPU
		{ADBE3205-DC05-F71F-64C9-8433EE12FA16}.Debug|Any CPU.Build.0 = Debug|Any CPU
		{ADBE3205-DC05-F71F-64C9-8433EE12FA16}.Release|Any CPU.ActiveCfg = Release|Any CPU
		{ADBE3205-DC05-F71F-64C9-8433EE12FA16}.Release|Any CPU.Build.0 = Release|Any CPU
		{793CE5CA-13B8-CE42-A534-99BF0D9AE823}.Debug|Any CPU.ActiveCfg = Debug|Any CPU
		{793CE5CA-13B8-CE42-A534-99BF0D9AE823}.Debug|Any CPU.Build.0 = Debug|Any CPU
		{793CE5CA-13B8-CE42-A534-99BF0D9AE823}.Release|Any CPU.ActiveCfg = Release|Any CPU
		{793CE5CA-13B8-CE42-A534-99BF0D9AE823}.Release|Any CPU.Build.0 = Release|Any CPU
	EndGlobalSection
	GlobalSection(SolutionProperties) = preSolution
		HideSolutionNode = FALSE
	EndGlobalSection
EndGlobal
